{
  "name": "amr-telecom",
  "version": "1.0.0",
  "lockfileVersion": 3,
  "requires": true,
  "packages": {
    "": {
      "name": "amr-telecom",
      "version": "1.0.0",
      "dependencies": {
        "iconoir": "7.11.0"
      },
      "engines": {
        "node": ">=20"
      }
    },
    "node_modules/iconoir": {
      "version": "7.11.0",
      "resolved": "https://registry.npmjs.org/iconoir/-/iconoir-7.11.0.tgz",
      "integrity": "sha512-F9T/E08aJBaQ+VOBjn+ChWKn3hFwsaK5VZ024OFMxdDaxKjLGDpU/OsU7MO9wXM+mDs4ZImypdXIn0fFZAXKmA==",
      "license": "MIT",
      "funding": {
        "type": "opencollective",
        "url": "https://opencollective.com/iconoir"
      }
    }
  }
}
